// !$*UTF8*$!
{
	archiveVersion = 1;
	classes = {
	};
	objectVersion = 56;
	objects = {

/* Begin PBXBuildFile section */
		711F9E89292FA862007D2854 /* CryptoServiceTests.swift in Sources */ = {isa = PBXBuildFile; fileRef = 711F9E88292FA862007D2854 /* CryptoServiceTests.swift */; };
		711F9E8B292FA9C5007D2854 /* Mockable.swift in Sources */ = {isa = PBXBuildFile; fileRef = 711F9E8A292FA9C5007D2854 /* Mockable.swift */; };
		711F9E8C292FB0F1007D2854 /* market_list.json in Resources */ = {isa = PBXBuildFile; fileRef = 711F9E87292FA7F9007D2854 /* market_list.json */; };
		712E00B129256EAA00F6998F /* AppDelegate.swift in Sources */ = {isa = PBXBuildFile; fileRef = 712E00B029256EAA00F6998F /* AppDelegate.swift */; };
		712E00B329256EAA00F6998F /* SceneDelegate.swift in Sources */ = {isa = PBXBuildFile; fileRef = 712E00B229256EAA00F6998F /* SceneDelegate.swift */; };
		712E00BA29256EAC00F6998F /* Assets.xcassets in Resources */ = {isa = PBXBuildFile; fileRef = 712E00B929256EAC00F6998F /* Assets.xcassets */; };
		712E00BD29256EAC00F6998F /* LaunchScreen.storyboard in Resources */ = {isa = PBXBuildFile; fileRef = 712E00BB29256EAC00F6998F /* LaunchScreen.storyboard */; };
		712E00C829256EAC00F6998F /* CryptoTests.swift in Sources */ = {isa = PBXBuildFile; fileRef = 712E00C729256EAC00F6998F /* CryptoTests.swift */; };
		712E00D229256EAC00F6998F /* CryptoUITests.swift in Sources */ = {isa = PBXBuildFile; fileRef = 712E00D129256EAC00F6998F /* CryptoUITests.swift */; };
		712E00D429256EAC00F6998F /* CryptoUITestsLaunchTests.swift in Sources */ = {isa = PBXBuildFile; fileRef = 712E00D329256EAC00F6998F /* CryptoUITestsLaunchTests.swift */; };
		712E00E5292571B700F6998F /* Endpoint.swift in Sources */ = {isa = PBXBuildFile; fileRef = 712E00E4292571B700F6998F /* Endpoint.swift */; };
		712E00E7292571C800F6998F /* HTTPClient.swift in Sources */ = {isa = PBXBuildFile; fileRef = 712E00E6292571C800F6998F /* HTTPClient.swift */; };
		712E00E9292571D500F6998F /* HTTPMethod.swift in Sources */ = {isa = PBXBuildFile; fileRef = 712E00E8292571D500F6998F /* HTTPMethod.swift */; };
		712E00EB2925724D00F6998F /* RequestError.swift in Sources */ = {isa = PBXBuildFile; fileRef = 712E00EA2925724D00F6998F /* RequestError.swift */; };
		712E00EE2925727100F6998F /* CryptoEndpoint.swift in Sources */ = {isa = PBXBuildFile; fileRef = 712E00ED2925727100F6998F /* CryptoEndpoint.swift */; };
		712E00F12925729900F6998F /* CryptoService.swift in Sources */ = {isa = PBXBuildFile; fileRef = 712E00F02925729900F6998F /* CryptoService.swift */; };
		712E00F429257EE600F6998F /* CoinModel.swift in Sources */ = {isa = PBXBuildFile; fileRef = 712E00F329257EE600F6998F /* CoinModel.swift */; };
		714CD7EC29258694005F4CF4 /* MarketListPresenter.swift in Sources */ = {isa = PBXBuildFile; fileRef = 714CD7E629258694005F4CF4 /* MarketListPresenter.swift */; };
		714CD7ED29258694005F4CF4 /* MarketListWorker.swift in Sources */ = {isa = PBXBuildFile; fileRef = 714CD7E729258694005F4CF4 /* MarketListWorker.swift */; };
		714CD7EE29258694005F4CF4 /* MarketListRouter.swift in Sources */ = {isa = PBXBuildFile; fileRef = 714CD7E829258694005F4CF4 /* MarketListRouter.swift */; };
		714CD7EF29258694005F4CF4 /* MarketListModels.swift in Sources */ = {isa = PBXBuildFile; fileRef = 714CD7E929258694005F4CF4 /* MarketListModels.swift */; };
		714CD7F029258694005F4CF4 /* MarketListViewController.swift in Sources */ = {isa = PBXBuildFile; fileRef = 714CD7EA29258694005F4CF4 /* MarketListViewController.swift */; };
		714CD7F129258694005F4CF4 /* MarketListInteractor.swift in Sources */ = {isa = PBXBuildFile; fileRef = 714CD7EB29258694005F4CF4 /* MarketListInteractor.swift */; };
		714CD7F329258739005F4CF4 /* MarketListView.swift in Sources */ = {isa = PBXBuildFile; fileRef = 714CD7F229258739005F4CF4 /* MarketListView.swift */; };
		714CD81B292655BD005F4CF4 /* CoinRequestModel.swift in Sources */ = {isa = PBXBuildFile; fileRef = 714CD81A292655BD005F4CF4 /* CoinRequestModel.swift */; };
		714CD81E292679B8005F4CF4 /* MarketListCell.swift in Sources */ = {isa = PBXBuildFile; fileRef = 714CD81D292679B8005F4CF4 /* MarketListCell.swift */; };
		7170B4E62927F314006F03A7 /* ImageStore.swift in Sources */ = {isa = PBXBuildFile; fileRef = 7170B4E52927F314006F03A7 /* ImageStore.swift */; };
		7170B4E92927FE8B006F03A7 /* Double+Extension.swift in Sources */ = {isa = PBXBuildFile; fileRef = 7170B4E82927FE8B006F03A7 /* Double+Extension.swift */; };
		7170B4EB29292079006F03A7 /* SearchModel.swift in Sources */ = {isa = PBXBuildFile; fileRef = 7170B4EA29292079006F03A7 /* SearchModel.swift */; };
		7170B4ED29292696006F03A7 /* MarketListCellModel.swift in Sources */ = {isa = PBXBuildFile; fileRef = 7170B4EC29292696006F03A7 /* MarketListCellModel.swift */; };
		7170B4F529293F1F006F03A7 /* SearchMarketListPresenter.swift in Sources */ = {isa = PBXBuildFile; fileRef = 7170B4EF29293F1F006F03A7 /* SearchMarketListPresenter.swift */; };
		7170B4F629293F1F006F03A7 /* SearchMarketListWorker.swift in Sources */ = {isa = PBXBuildFile; fileRef = 7170B4F029293F1F006F03A7 /* SearchMarketListWorker.swift */; };
		7170B4F729293F1F006F03A7 /* SearchMarketListRouter.swift in Sources */ = {isa = PBXBuildFile; fileRef = 7170B4F129293F1F006F03A7 /* SearchMarketListRouter.swift */; };
		7170B4F829293F1F006F03A7 /* SearchMarketListModels.swift in Sources */ = {isa = PBXBuildFile; fileRef = 7170B4F229293F1F006F03A7 /* SearchMarketListModels.swift */; };
		7170B4F929293F1F006F03A7 /* SearchMarketListViewController.swift in Sources */ = {isa = PBXBuildFile; fileRef = 7170B4F329293F1F006F03A7 /* SearchMarketListViewController.swift */; };
		7170B4FA29293F1F006F03A7 /* SearchMarketListInteractor.swift in Sources */ = {isa = PBXBuildFile; fileRef = 7170B4F429293F1F006F03A7 /* SearchMarketListInteractor.swift */; };
		7170B4FC292942DE006F03A7 /* SearchMarketListView.swift in Sources */ = {isa = PBXBuildFile; fileRef = 7170B4FB292942DE006F03A7 /* SearchMarketListView.swift */; };
		7170B4FE292942ED006F03A7 /* SearchMarketListCell.swift in Sources */ = {isa = PBXBuildFile; fileRef = 7170B4FD292942ED006F03A7 /* SearchMarketListCell.swift */; };
		7170B507292A5249006F03A7 /* CoinDetailPresenter.swift in Sources */ = {isa = PBXBuildFile; fileRef = 7170B501292A5249006F03A7 /* CoinDetailPresenter.swift */; };
		7170B508292A5249006F03A7 /* CoinDetailWorker.swift in Sources */ = {isa = PBXBuildFile; fileRef = 7170B502292A5249006F03A7 /* CoinDetailWorker.swift */; };
		7170B509292A5249006F03A7 /* CoinDetailRouter.swift in Sources */ = {isa = PBXBuildFile; fileRef = 7170B503292A5249006F03A7 /* CoinDetailRouter.swift */; };
		7170B50A292A5249006F03A7 /* CoinDetailModels.swift in Sources */ = {isa = PBXBuildFile; fileRef = 7170B504292A5249006F03A7 /* CoinDetailModels.swift */; };
		7170B50B292A5249006F03A7 /* CoinDetailViewController.swift in Sources */ = {isa = PBXBuildFile; fileRef = 7170B505292A5249006F03A7 /* CoinDetailViewController.swift */; };
		7170B50C292A5249006F03A7 /* CoinDetailInteractor.swift in Sources */ = {isa = PBXBuildFile; fileRef = 7170B506292A5249006F03A7 /* CoinDetailInteractor.swift */; };
		7170B50E292A5258006F03A7 /* CoinDetailView.swift in Sources */ = {isa = PBXBuildFile; fileRef = 7170B50D292A5258006F03A7 /* CoinDetailView.swift */; };
		7170B510292A5387006F03A7 /* CoinDetailModel.swift in Sources */ = {isa = PBXBuildFile; fileRef = 7170B50F292A5387006F03A7 /* CoinDetailModel.swift */; };
		71D65FE4292E4CCB0058D5CC /* TrendingCoinsModel.swift in Sources */ = {isa = PBXBuildFile; fileRef = 71D65FE3292E4CCB0058D5CC /* TrendingCoinsModel.swift */; };
		71D65FE7292E5CA00058D5CC /* TrendingCoinListCell.swift in Sources */ = {isa = PBXBuildFile; fileRef = 71D65FE6292E5CA00058D5CC /* TrendingCoinListCell.swift */; };
		71D66001292E7E310058D5CC /* String+Extension.swift in Sources */ = {isa = PBXBuildFile; fileRef = 71D66000292E7E310058D5CC /* String+Extension.swift */; };
		71D7B3E52927C742006CE6C4 /* ImageLoadService.swift in Sources */ = {isa = PBXBuildFile; fileRef = 71D7B3E42927C742006CE6C4 /* ImageLoadService.swift */; };
		71E539CE292FB8CA00D65419 /* trending_list.json in Resources */ = {isa = PBXBuildFile; fileRef = 711F9E8F292FB21C007D2854 /* trending_list.json */; };
		71E539CF292FB8CC00D65419 /* coin_detail.json in Resources */ = {isa = PBXBuildFile; fileRef = 711F9E8E292FB20D007D2854 /* coin_detail.json */; };
		71E539D0292FB8CE00D65419 /* search-for-coin.json in Resources */ = {isa = PBXBuildFile; fileRef = 711F9E8D292FB1EB007D2854 /* search-for-coin.json */; };
/* End PBXBuildFile section */

/* Begin PBXContainerItemProxy section */
		712E00C429256EAC00F6998F /* PBXContainerItemProxy */ = {
			isa = PBXContainerItemProxy;
			containerPortal = 712E00A529256EAA00F6998F /* Project object */;
			proxyType = 1;
			remoteGlobalIDString = 712E00AC29256EAA00F6998F;
			remoteInfo = Crypto;
		};
		712E00CE29256EAC00F6998F /* PBXContainerItemProxy */ = {
			isa = PBXContainerItemProxy;
			containerPortal = 712E00A529256EAA00F6998F /* Project object */;
			proxyType = 1;
			remoteGlobalIDString = 712E00AC29256EAA00F6998F;
			remoteInfo = Crypto;
		};
/* End PBXContainerItemProxy section */

/* Begin PBXFileReference section */
		711F9E87292FA7F9007D2854 /* market_list.json */ = {isa = PBXFileReference; lastKnownFileType = text.json; path = market_list.json; sourceTree = "<group>"; };
		711F9E88292FA862007D2854 /* CryptoServiceTests.swift */ = {isa = PBXFileReference; lastKnownFileType = sourcecode.swift; path = CryptoServiceTests.swift; sourceTree = "<group>"; };
		711F9E8A292FA9C5007D2854 /* Mockable.swift */ = {isa = PBXFileReference; lastKnownFileType = sourcecode.swift; path = Mockable.swift; sourceTree = "<group>"; };
		711F9E8D292FB1EB007D2854 /* search-for-coin.json */ = {isa = PBXFileReference; lastKnownFileType = text.json; path = "search-for-coin.json"; sourceTree = "<group>"; };
		711F9E8E292FB20D007D2854 /* coin_detail.json */ = {isa = PBXFileReference; lastKnownFileType = text.json; path = coin_detail.json; sourceTree = "<group>"; };
		711F9E8F292FB21C007D2854 /* trending_list.json */ = {isa = PBXFileReference; lastKnownFileType = text.json; path = trending_list.json; sourceTree = "<group>"; };
		712E00AD29256EAA00F6998F /* Crypto.app */ = {isa = PBXFileReference; explicitFileType = wrapper.application; includeInIndex = 0; path = Crypto.app; sourceTree = BUILT_PRODUCTS_DIR; };
		712E00B029256EAA00F6998F /* AppDelegate.swift */ = {isa = PBXFileReference; lastKnownFileType = sourcecode.swift; path = AppDelegate.swift; sourceTree = "<group>"; };
		712E00B229256EAA00F6998F /* SceneDelegate.swift */ = {isa = PBXFileReference; lastKnownFileType = sourcecode.swift; path = SceneDelegate.swift; sourceTree = "<group>"; };
		712E00B929256EAC00F6998F /* Assets.xcassets */ = {isa = PBXFileReference; lastKnownFileType = folder.assetcatalog; path = Assets.xcassets; sourceTree = "<group>"; };
		712E00BC29256EAC00F6998F /* Base */ = {isa = PBXFileReference; lastKnownFileType = file.storyboard; name = Base; path = Base.lproj/LaunchScreen.storyboard; sourceTree = "<group>"; };
		712E00BE29256EAC00F6998F /* Info.plist */ = {isa = PBXFileReference; lastKnownFileType = text.plist.xml; path = Info.plist; sourceTree = "<group>"; };
		712E00C329256EAC00F6998F /* CryptoTests.xctest */ = {isa = PBXFileReference; explicitFileType = wrapper.cfbundle; includeInIndex = 0; path = CryptoTests.xctest; sourceTree = BUILT_PRODUCTS_DIR; };
		712E00C729256EAC00F6998F /* CryptoTests.swift */ = {isa = PBXFileReference; lastKnownFileType = sourcecode.swift; path = CryptoTests.swift; sourceTree = "<group>"; };
		712E00CD29256EAC00F6998F /* CryptoUITests.xctest */ = {isa = PBXFileReference; explicitFileType = wrapper.cfbundle; includeInIndex = 0; path = CryptoUITests.xctest; sourceTree = BUILT_PRODUCTS_DIR; };
		712E00D129256EAC00F6998F /* CryptoUITests.swift */ = {isa = PBXFileReference; lastKnownFileType = sourcecode.swift; path = CryptoUITests.swift; sourceTree = "<group>"; };
		712E00D329256EAC00F6998F /* CryptoUITestsLaunchTests.swift */ = {isa = PBXFileReference; lastKnownFileType = sourcecode.swift; path = CryptoUITestsLaunchTests.swift; sourceTree = "<group>"; };
		712E00E4292571B700F6998F /* Endpoint.swift */ = {isa = PBXFileReference; lastKnownFileType = sourcecode.swift; path = Endpoint.swift; sourceTree = "<group>"; };
		712E00E6292571C800F6998F /* HTTPClient.swift */ = {isa = PBXFileReference; lastKnownFileType = sourcecode.swift; path = HTTPClient.swift; sourceTree = "<group>"; };
		712E00E8292571D500F6998F /* HTTPMethod.swift */ = {isa = PBXFileReference; lastKnownFileType = sourcecode.swift; path = HTTPMethod.swift; sourceTree = "<group>"; };
		712E00EA2925724D00F6998F /* RequestError.swift */ = {isa = PBXFileReference; lastKnownFileType = sourcecode.swift; path = RequestError.swift; sourceTree = "<group>"; };
		712E00ED2925727100F6998F /* CryptoEndpoint.swift */ = {isa = PBXFileReference; lastKnownFileType = sourcecode.swift; path = CryptoEndpoint.swift; sourceTree = "<group>"; };
		712E00F02925729900F6998F /* CryptoService.swift */ = {isa = PBXFileReference; lastKnownFileType = sourcecode.swift; path = CryptoService.swift; sourceTree = "<group>"; };
		712E00F329257EE600F6998F /* CoinModel.swift */ = {isa = PBXFileReference; lastKnownFileType = sourcecode.swift; path = CoinModel.swift; sourceTree = "<group>"; };
		714CD7E629258694005F4CF4 /* MarketListPresenter.swift */ = {isa = PBXFileReference; lastKnownFileType = sourcecode.swift; path = MarketListPresenter.swift; sourceTree = "<group>"; };
		714CD7E729258694005F4CF4 /* MarketListWorker.swift */ = {isa = PBXFileReference; lastKnownFileType = sourcecode.swift; path = MarketListWorker.swift; sourceTree = "<group>"; };
		714CD7E829258694005F4CF4 /* MarketListRouter.swift */ = {isa = PBXFileReference; lastKnownFileType = sourcecode.swift; path = MarketListRouter.swift; sourceTree = "<group>"; };
		714CD7E929258694005F4CF4 /* MarketListModels.swift */ = {isa = PBXFileReference; lastKnownFileType = sourcecode.swift; path = MarketListModels.swift; sourceTree = "<group>"; };
		714CD7EA29258694005F4CF4 /* MarketListViewController.swift */ = {isa = PBXFileReference; lastKnownFileType = sourcecode.swift; path = MarketListViewController.swift; sourceTree = "<group>"; };
		714CD7EB29258694005F4CF4 /* MarketListInteractor.swift */ = {isa = PBXFileReference; lastKnownFileType = sourcecode.swift; path = MarketListInteractor.swift; sourceTree = "<group>"; };
		714CD7F229258739005F4CF4 /* MarketListView.swift */ = {isa = PBXFileReference; lastKnownFileType = sourcecode.swift; path = MarketListView.swift; sourceTree = "<group>"; };
		714CD81A292655BD005F4CF4 /* CoinRequestModel.swift */ = {isa = PBXFileReference; lastKnownFileType = sourcecode.swift; path = CoinRequestModel.swift; sourceTree = "<group>"; };
		714CD81D292679B8005F4CF4 /* MarketListCell.swift */ = {isa = PBXFileReference; lastKnownFileType = sourcecode.swift; path = MarketListCell.swift; sourceTree = "<group>"; };
		7170B4E52927F314006F03A7 /* ImageStore.swift */ = {isa = PBXFileReference; lastKnownFileType = sourcecode.swift; path = ImageStore.swift; sourceTree = "<group>"; };
		7170B4E82927FE8B006F03A7 /* Double+Extension.swift */ = {isa = PBXFileReference; lastKnownFileType = sourcecode.swift; path = "Double+Extension.swift"; sourceTree = "<group>"; };
		7170B4EA29292079006F03A7 /* SearchModel.swift */ = {isa = PBXFileReference; lastKnownFileType = sourcecode.swift; path = SearchModel.swift; sourceTree = "<group>"; };
		7170B4EC29292696006F03A7 /* MarketListCellModel.swift */ = {isa = PBXFileReference; lastKnownFileType = sourcecode.swift; path = MarketListCellModel.swift; sourceTree = "<group>"; };
		7170B4EF29293F1F006F03A7 /* SearchMarketListPresenter.swift */ = {isa = PBXFileReference; lastKnownFileType = sourcecode.swift; path = SearchMarketListPresenter.swift; sourceTree = "<group>"; };
		7170B4F029293F1F006F03A7 /* SearchMarketListWorker.swift */ = {isa = PBXFileReference; lastKnownFileType = sourcecode.swift; path = SearchMarketListWorker.swift; sourceTree = "<group>"; };
		7170B4F129293F1F006F03A7 /* SearchMarketListRouter.swift */ = {isa = PBXFileReference; lastKnownFileType = sourcecode.swift; path = SearchMarketListRouter.swift; sourceTree = "<group>"; };
		7170B4F229293F1F006F03A7 /* SearchMarketListModels.swift */ = {isa = PBXFileReference; lastKnownFileType = sourcecode.swift; path = SearchMarketListModels.swift; sourceTree = "<group>"; };
		7170B4F329293F1F006F03A7 /* SearchMarketListViewController.swift */ = {isa = PBXFileReference; lastKnownFileType = sourcecode.swift; path = SearchMarketListViewController.swift; sourceTree = "<group>"; };
		7170B4F429293F1F006F03A7 /* SearchMarketListInteractor.swift */ = {isa = PBXFileReference; lastKnownFileType = sourcecode.swift; path = SearchMarketListInteractor.swift; sourceTree = "<group>"; };
		7170B4FB292942DE006F03A7 /* SearchMarketListView.swift */ = {isa = PBXFileReference; lastKnownFileType = sourcecode.swift; path = SearchMarketListView.swift; sourceTree = "<group>"; };
		7170B4FD292942ED006F03A7 /* SearchMarketListCell.swift */ = {isa = PBXFileReference; lastKnownFileType = sourcecode.swift; path = SearchMarketListCell.swift; sourceTree = "<group>"; };
		7170B501292A5249006F03A7 /* CoinDetailPresenter.swift */ = {isa = PBXFileReference; lastKnownFileType = sourcecode.swift; path = CoinDetailPresenter.swift; sourceTree = "<group>"; };
		7170B502292A5249006F03A7 /* CoinDetailWorker.swift */ = {isa = PBXFileReference; lastKnownFileType = sourcecode.swift; path = CoinDetailWorker.swift; sourceTree = "<group>"; };
		7170B503292A5249006F03A7 /* CoinDetailRouter.swift */ = {isa = PBXFileReference; lastKnownFileType = sourcecode.swift; path = CoinDetailRouter.swift; sourceTree = "<group>"; };
		7170B504292A5249006F03A7 /* CoinDetailModels.swift */ = {isa = PBXFileReference; lastKnownFileType = sourcecode.swift; path = CoinDetailModels.swift; sourceTree = "<group>"; };
		7170B505292A5249006F03A7 /* CoinDetailViewController.swift */ = {isa = PBXFileReference; lastKnownFileType = sourcecode.swift; path = CoinDetailViewController.swift; sourceTree = "<group>"; };
		7170B506292A5249006F03A7 /* CoinDetailInteractor.swift */ = {isa = PBXFileReference; lastKnownFileType = sourcecode.swift; path = CoinDetailInteractor.swift; sourceTree = "<group>"; };
		7170B50D292A5258006F03A7 /* CoinDetailView.swift */ = {isa = PBXFileReference; lastKnownFileType = sourcecode.swift; path = CoinDetailView.swift; sourceTree = "<group>"; };
		7170B50F292A5387006F03A7 /* CoinDetailModel.swift */ = {isa = PBXFileReference; lastKnownFileType = sourcecode.swift; path = CoinDetailModel.swift; sourceTree = "<group>"; };
		71D65FE3292E4CCB0058D5CC /* TrendingCoinsModel.swift */ = {isa = PBXFileReference; lastKnownFileType = sourcecode.swift; path = TrendingCoinsModel.swift; sourceTree = "<group>"; };
		71D65FE6292E5CA00058D5CC /* TrendingCoinListCell.swift */ = {isa = PBXFileReference; lastKnownFileType = sourcecode.swift; path = TrendingCoinListCell.swift; sourceTree = "<group>"; };
		71D66000292E7E310058D5CC /* String+Extension.swift */ = {isa = PBXFileReference; lastKnownFileType = sourcecode.swift; path = "String+Extension.swift"; sourceTree = "<group>"; };
		71D7B3E42927C742006CE6C4 /* ImageLoadService.swift */ = {isa = PBXFileReference; lastKnownFileType = sourcecode.swift; path = ImageLoadService.swift; sourceTree = "<group>"; };
/* End PBXFileReference section */

/* Begin PBXFrameworksBuildPhase section */
		712E00AA29256EAA00F6998F /* Frameworks */ = {
			isa = PBXFrameworksBuildPhase;
			buildActionMask = 2147483647;
			files = (
			);
			runOnlyForDeploymentPostprocessing = 0;
		};
		712E00C029256EAC00F6998F /* Frameworks */ = {
			isa = PBXFrameworksBuildPhase;
			buildActionMask = 2147483647;
			files = (
			);
			runOnlyForDeploymentPostprocessing = 0;
		};
		712E00CA29256EAC00F6998F /* Frameworks */ = {
			isa = PBXFrameworksBuildPhase;
			buildActionMask = 2147483647;
			files = (
			);
			runOnlyForDeploymentPostprocessing = 0;
		};
/* End PBXFrameworksBuildPhase section */

/* Begin PBXGroup section */
		711F9E83292FA768007D2854 /* Network */ = {
			isa = PBXGroup;
			children = (
				711F9E88292FA862007D2854 /* CryptoServiceTests.swift */,
				711F9E8A292FA9C5007D2854 /* Mockable.swift */,
				711F9E84292FA772007D2854 /* JSON */,
			);
			path = Network;
			sourceTree = "<group>";
		};
		711F9E84292FA772007D2854 /* JSON */ = {
			isa = PBXGroup;
			children = (
				711F9E87292FA7F9007D2854 /* market_list.json */,
				711F9E8D292FB1EB007D2854 /* search-for-coin.json */,
				711F9E8E292FB20D007D2854 /* coin_detail.json */,
				711F9E8F292FB21C007D2854 /* trending_list.json */,
			);
			path = JSON;
			sourceTree = "<group>";
		};
		712E00A429256EAA00F6998F = {
			isa = PBXGroup;
			children = (
				712E00AF29256EAA00F6998F /* Crypto */,
				712E00C629256EAC00F6998F /* CryptoTests */,
				712E00D029256EAC00F6998F /* CryptoUITests */,
				712E00AE29256EAA00F6998F /* Products */,
			);
			sourceTree = "<group>";
		};
		712E00AE29256EAA00F6998F /* Products */ = {
			isa = PBXGroup;
			children = (
				712E00AD29256EAA00F6998F /* Crypto.app */,
				712E00C329256EAC00F6998F /* CryptoTests.xctest */,
				712E00CD29256EAC00F6998F /* CryptoUITests.xctest */,
			);
			name = Products;
			sourceTree = "<group>";
		};
		712E00AF29256EAA00F6998F /* Crypto */ = {
			isa = PBXGroup;
			children = (
				712E00E029256FF900F6998F /* App */,
				712E00E12925700300F6998F /* Resources */,
				712E00E22925717C00F6998F /* NetworkLayer */,
				714CD8012925898F005F4CF4 /* Core */,
				714CD7E529258608005F4CF4 /* Scenes */,
				7170B4E72927FE78006F03A7 /* Helpers */,
			);
			path = Crypto;
			sourceTree = "<group>";
		};
		712E00C629256EAC00F6998F /* CryptoTests */ = {
			isa = PBXGroup;
			children = (
				711F9E83292FA768007D2854 /* Network */,
				712E00C729256EAC00F6998F /* CryptoTests.swift */,
			);
			path = CryptoTests;
			sourceTree = "<group>";
		};
		712E00D029256EAC00F6998F /* CryptoUITests */ = {
			isa = PBXGroup;
			children = (
				712E00D129256EAC00F6998F /* CryptoUITests.swift */,
				712E00D329256EAC00F6998F /* CryptoUITestsLaunchTests.swift */,
			);
			path = CryptoUITests;
			sourceTree = "<group>";
		};
		712E00E029256FF900F6998F /* App */ = {
			isa = PBXGroup;
			children = (
				712E00B029256EAA00F6998F /* AppDelegate.swift */,
				712E00B229256EAA00F6998F /* SceneDelegate.swift */,
			);
			path = App;
			sourceTree = "<group>";
		};
		712E00E12925700300F6998F /* Resources */ = {
			isa = PBXGroup;
			children = (
				712E00BB29256EAC00F6998F /* LaunchScreen.storyboard */,
				712E00BE29256EAC00F6998F /* Info.plist */,
				712E00B929256EAC00F6998F /* Assets.xcassets */,
			);
			path = Resources;
			sourceTree = "<group>";
		};
		712E00E22925717C00F6998F /* NetworkLayer */ = {
			isa = PBXGroup;
			children = (
				712E00E3292571A600F6998F /* Base */,
				712E00EC2925725800F6998F /* Endpoints */,
			);
			path = NetworkLayer;
			sourceTree = "<group>";
		};
		712E00E3292571A600F6998F /* Base */ = {
			isa = PBXGroup;
			children = (
				712E00E4292571B700F6998F /* Endpoint.swift */,
				712E00E6292571C800F6998F /* HTTPClient.swift */,
				712E00E8292571D500F6998F /* HTTPMethod.swift */,
				712E00EA2925724D00F6998F /* RequestError.swift */,
			);
			path = Base;
			sourceTree = "<group>";
		};
		712E00EC2925725800F6998F /* Endpoints */ = {
			isa = PBXGroup;
			children = (
				712E00ED2925727100F6998F /* CryptoEndpoint.swift */,
			);
			path = Endpoints;
			sourceTree = "<group>";
		};
		712E00EF2925728000F6998F /* Services */ = {
			isa = PBXGroup;
			children = (
				712E00F02925729900F6998F /* CryptoService.swift */,
				71D7B3E42927C742006CE6C4 /* ImageLoadService.swift */,
			);
			path = Services;
			sourceTree = "<group>";
		};
		712E00F229257EBA00F6998F /* Models */ = {
			isa = PBXGroup;
			children = (
				714CD81929265538005F4CF4 /* Requests */,
				712E00F329257EE600F6998F /* CoinModel.swift */,
				7170B4EA29292079006F03A7 /* SearchModel.swift */,
				7170B50F292A5387006F03A7 /* CoinDetailModel.swift */,
				71D65FE3292E4CCB0058D5CC /* TrendingCoinsModel.swift */,
			);
			path = Models;
			sourceTree = "<group>";
		};
		714CD7E529258608005F4CF4 /* Scenes */ = {
			isa = PBXGroup;
			children = (
				7170B500292A520A006F03A7 /* CoinDeail */,
				7170B4EE29293ED7006F03A7 /* SearchMarketList */,
				714CD7F429258874005F4CF4 /* MarketList */,
			);
			path = Scenes;
			sourceTree = "<group>";
		};
		714CD7F429258874005F4CF4 /* MarketList */ = {
			isa = PBXGroup;
			children = (
				714CD81C2926799B005F4CF4 /* MarketListCell */,
				714CD7E629258694005F4CF4 /* MarketListPresenter.swift */,
				714CD7E729258694005F4CF4 /* MarketListWorker.swift */,
				714CD7E829258694005F4CF4 /* MarketListRouter.swift */,
				714CD7E929258694005F4CF4 /* MarketListModels.swift */,
				714CD7EA29258694005F4CF4 /* MarketListViewController.swift */,
				714CD7EB29258694005F4CF4 /* MarketListInteractor.swift */,
				714CD7F229258739005F4CF4 /* MarketListView.swift */,
			);
			path = MarketList;
			sourceTree = "<group>";
		};
		714CD8012925898F005F4CF4 /* Core */ = {
			isa = PBXGroup;
			children = (
				7170B4E42927F303006F03A7 /* Stores */,
				712E00EF2925728000F6998F /* Services */,
				712E00F229257EBA00F6998F /* Models */,
			);
			path = Core;
			sourceTree = "<group>";
		};
		714CD81929265538005F4CF4 /* Requests */ = {
			isa = PBXGroup;
			children = (
				714CD81A292655BD005F4CF4 /* CoinRequestModel.swift */,
			);
			path = Requests;
			sourceTree = "<group>";
		};
		714CD81C2926799B005F4CF4 /* MarketListCell */ = {
			isa = PBXGroup;
			children = (
				714CD81D292679B8005F4CF4 /* MarketListCell.swift */,
				7170B4EC29292696006F03A7 /* MarketListCellModel.swift */,
			);
			path = MarketListCell;
			sourceTree = "<group>";
		};
		7170B4E42927F303006F03A7 /* Stores */ = {
			isa = PBXGroup;
			children = (
				7170B4E52927F314006F03A7 /* ImageStore.swift */,
			);
			path = Stores;
			sourceTree = "<group>";
		};
		7170B4E72927FE78006F03A7 /* Helpers */ = {
			isa = PBXGroup;
			children = (
				7170B4E82927FE8B006F03A7 /* Double+Extension.swift */,
				71D66000292E7E310058D5CC /* String+Extension.swift */,
			);
			path = Helpers;
			sourceTree = "<group>";
		};
		7170B4EE29293ED7006F03A7 /* SearchMarketList */ = {
			isa = PBXGroup;
			children = (
				7170B4FF292942F3006F03A7 /* SearchMarketListCell */,
				7170B4EF29293F1F006F03A7 /* SearchMarketListPresenter.swift */,
				7170B4F029293F1F006F03A7 /* SearchMarketListWorker.swift */,
				7170B4F129293F1F006F03A7 /* SearchMarketListRouter.swift */,
				7170B4F229293F1F006F03A7 /* SearchMarketListModels.swift */,
				7170B4F329293F1F006F03A7 /* SearchMarketListViewController.swift */,
				7170B4F429293F1F006F03A7 /* SearchMarketListInteractor.swift */,
				7170B4FB292942DE006F03A7 /* SearchMarketListView.swift */,
			);
			path = SearchMarketList;
			sourceTree = "<group>";
		};
		7170B4FF292942F3006F03A7 /* SearchMarketListCell */ = {
			isa = PBXGroup;
			children = (
				7170B4FD292942ED006F03A7 /* SearchMarketListCell.swift */,
			);
			path = SearchMarketListCell;
			sourceTree = "<group>";
		};
		7170B500292A520A006F03A7 /* CoinDeail */ = {
			isa = PBXGroup;
			children = (
				71D65FE5292E5C550058D5CC /* TrendingCoinListCell */,
				7170B501292A5249006F03A7 /* CoinDetailPresenter.swift */,
				7170B502292A5249006F03A7 /* CoinDetailWorker.swift */,
				7170B503292A5249006F03A7 /* CoinDetailRouter.swift */,
				7170B504292A5249006F03A7 /* CoinDetailModels.swift */,
				7170B505292A5249006F03A7 /* CoinDetailViewController.swift */,
				7170B506292A5249006F03A7 /* CoinDetailInteractor.swift */,
				7170B50D292A5258006F03A7 /* CoinDetailView.swift */,
			);
			path = CoinDeail;
			sourceTree = "<group>";
		};
		71D65FE5292E5C550058D5CC /* TrendingCoinListCell */ = {
			isa = PBXGroup;
			children = (
				71D65FE6292E5CA00058D5CC /* TrendingCoinListCell.swift */,
			);
			path = TrendingCoinListCell;
			sourceTree = "<group>";
		};
/* End PBXGroup section */

/* Begin PBXNativeTarget section */
		712E00AC29256EAA00F6998F /* Crypto */ = {
			isa = PBXNativeTarget;
			buildConfigurationList = 712E00D729256EAC00F6998F /* Build configuration list for PBXNativeTarget "Crypto" */;
			buildPhases = (
				712E00A929256EAA00F6998F /* Sources */,
				712E00AA29256EAA00F6998F /* Frameworks */,
				712E00AB29256EAA00F6998F /* Resources */,
			);
			buildRules = (
			);
			dependencies = (
			);
			name = Crypto;
			productName = Crypto;
			productReference = 712E00AD29256EAA00F6998F /* Crypto.app */;
			productType = "com.apple.product-type.application";
		};
		712E00C229256EAC00F6998F /* CryptoTests */ = {
			isa = PBXNativeTarget;
			buildConfigurationList = 712E00DA29256EAC00F6998F /* Build configuration list for PBXNativeTarget "CryptoTests" */;
			buildPhases = (
				712E00BF29256EAC00F6998F /* Sources */,
				712E00C029256EAC00F6998F /* Frameworks */,
				712E00C129256EAC00F6998F /* Resources */,
			);
			buildRules = (
			);
			dependencies = (
				712E00C529256EAC00F6998F /* PBXTargetDependency */,
			);
			name = CryptoTests;
			productName = CryptoTests;
			productReference = 712E00C329256EAC00F6998F /* CryptoTests.xctest */;
			productType = "com.apple.product-type.bundle.unit-test";
		};
		712E00CC29256EAC00F6998F /* CryptoUITests */ = {
			isa = PBXNativeTarget;
			buildConfigurationList = 712E00DD29256EAC00F6998F /* Build configuration list for PBXNativeTarget "CryptoUITests" */;
			buildPhases = (
				712E00C929256EAC00F6998F /* Sources */,
				712E00CA29256EAC00F6998F /* Frameworks */,
				712E00CB29256EAC00F6998F /* Resources */,
			);
			buildRules = (
			);
			dependencies = (
				712E00CF29256EAC00F6998F /* PBXTargetDependency */,
			);
			name = CryptoUITests;
			productName = CryptoUITests;
			productReference = 712E00CD29256EAC00F6998F /* CryptoUITests.xctest */;
			productType = "com.apple.product-type.bundle.ui-testing";
		};
/* End PBXNativeTarget section */

/* Begin PBXProject section */
		712E00A529256EAA00F6998F /* Project object */ = {
			isa = PBXProject;
			attributes = {
				BuildIndependentTargetsInParallel = 1;
				LastSwiftUpdateCheck = 1400;
				LastUpgradeCheck = 1400;
				TargetAttributes = {
					712E00AC29256EAA00F6998F = {
						CreatedOnToolsVersion = 14.0.1;
					};
					712E00C229256EAC00F6998F = {
						CreatedOnToolsVersion = 14.0.1;
						TestTargetID = 712E00AC29256EAA00F6998F;
					};
					712E00CC29256EAC00F6998F = {
						CreatedOnToolsVersion = 14.0.1;
						TestTargetID = 712E00AC29256EAA00F6998F;
					};
				};
			};
			buildConfigurationList = 712E00A829256EAA00F6998F /* Build configuration list for PBXProject "Crypto" */;
			compatibilityVersion = "Xcode 14.0";
			developmentRegion = en;
			hasScannedForEncodings = 0;
			knownRegions = (
				en,
				Base,
			);
			mainGroup = 712E00A429256EAA00F6998F;
			productRefGroup = 712E00AE29256EAA00F6998F /* Products */;
			projectDirPath = "";
			projectRoot = "";
			targets = (
				712E00AC29256EAA00F6998F /* Crypto */,
				712E00C229256EAC00F6998F /* CryptoTests */,
				712E00CC29256EAC00F6998F /* CryptoUITests */,
			);
		};
/* End PBXProject section */

/* Begin PBXResourcesBuildPhase section */
		712E00AB29256EAA00F6998F /* Resources */ = {
			isa = PBXResourcesBuildPhase;
			buildActionMask = 2147483647;
			files = (
				712E00BD29256EAC00F6998F /* LaunchScreen.storyboard in Resources */,
				712E00BA29256EAC00F6998F /* Assets.xcassets in Resources */,
			);
			runOnlyForDeploymentPostprocessing = 0;
		};
		712E00C129256EAC00F6998F /* Resources */ = {
			isa = PBXResourcesBuildPhase;
			buildActionMask = 2147483647;
			files = (
				71E539D0292FB8CE00D65419 /* search-for-coin.json in Resources */,
				71E539CE292FB8CA00D65419 /* trending_list.json in Resources */,
				711F9E8C292FB0F1007D2854 /* market_list.json in Resources */,
				71E539CF292FB8CC00D65419 /* coin_detail.json in Resources */,
			);
			runOnlyForDeploymentPostprocessing = 0;
		};
		712E00CB29256EAC00F6998F /* Resources */ = {
			isa = PBXResourcesBuildPhase;
			buildActionMask = 2147483647;
			files = (
			);
			runOnlyForDeploymentPostprocessing = 0;
		};
/* End PBXResourcesBuildPhase section */

/* Begin PBXSourcesBuildPhase section */
		712E00A929256EAA00F6998F /* Sources */ = {
			isa = PBXSourcesBuildPhase;
			buildActionMask = 2147483647;
			files = (
				7170B509292A5249006F03A7 /* CoinDetailRouter.swift in Sources */,
				714CD7F129258694005F4CF4 /* MarketListInteractor.swift in Sources */,
				712E00F12925729900F6998F /* CryptoService.swift in Sources */,
				7170B4E92927FE8B006F03A7 /* Double+Extension.swift in Sources */,
				7170B510292A5387006F03A7 /* CoinDetailModel.swift in Sources */,
				7170B50B292A5249006F03A7 /* CoinDetailViewController.swift in Sources */,
				712E00EE2925727100F6998F /* CryptoEndpoint.swift in Sources */,
				7170B4FE292942ED006F03A7 /* SearchMarketListCell.swift in Sources */,
				7170B4E62927F314006F03A7 /* ImageStore.swift in Sources */,
				714CD7EE29258694005F4CF4 /* MarketListRouter.swift in Sources */,
				712E00B129256EAA00F6998F /* AppDelegate.swift in Sources */,
				7170B507292A5249006F03A7 /* CoinDetailPresenter.swift in Sources */,
				7170B508292A5249006F03A7 /* CoinDetailWorker.swift in Sources */,
				714CD7ED29258694005F4CF4 /* MarketListWorker.swift in Sources */,
				7170B4F529293F1F006F03A7 /* SearchMarketListPresenter.swift in Sources */,
				7170B50E292A5258006F03A7 /* CoinDetailView.swift in Sources */,
				71D65FE7292E5CA00058D5CC /* TrendingCoinListCell.swift in Sources */,
				712E00E5292571B700F6998F /* Endpoint.swift in Sources */,
				714CD81E292679B8005F4CF4 /* MarketListCell.swift in Sources */,
				7170B50C292A5249006F03A7 /* CoinDetailInteractor.swift in Sources */,
				714CD7EF29258694005F4CF4 /* MarketListModels.swift in Sources */,
				7170B4ED29292696006F03A7 /* MarketListCellModel.swift in Sources */,
				71D66001292E7E310058D5CC /* String+Extension.swift in Sources */,
				712E00EB2925724D00F6998F /* RequestError.swift in Sources */,
				714CD81B292655BD005F4CF4 /* CoinRequestModel.swift in Sources */,
				712E00E7292571C800F6998F /* HTTPClient.swift in Sources */,
				7170B4F929293F1F006F03A7 /* SearchMarketListViewController.swift in Sources */,
				714CD7F329258739005F4CF4 /* MarketListView.swift in Sources */,
				712E00E9292571D500F6998F /* HTTPMethod.swift in Sources */,
				71D65FE4292E4CCB0058D5CC /* TrendingCoinsModel.swift in Sources */,
				714CD7F029258694005F4CF4 /* MarketListViewController.swift in Sources */,
				7170B4F829293F1F006F03A7 /* SearchMarketListModels.swift in Sources */,
				7170B50A292A5249006F03A7 /* CoinDetailModels.swift in Sources */,
				7170B4EB29292079006F03A7 /* SearchModel.swift in Sources */,
				7170B4F729293F1F006F03A7 /* SearchMarketListRouter.swift in Sources */,
				712E00F429257EE600F6998F /* CoinModel.swift in Sources */,
				71D7B3E52927C742006CE6C4 /* ImageLoadService.swift in Sources */,
				7170B4F629293F1F006F03A7 /* SearchMarketListWorker.swift in Sources */,
				714CD7EC29258694005F4CF4 /* MarketListPresenter.swift in Sources */,
				7170B4FA29293F1F006F03A7 /* SearchMarketListInteractor.swift in Sources */,
				7170B4FC292942DE006F03A7 /* SearchMarketListView.swift in Sources */,
				712E00B329256EAA00F6998F /* SceneDelegate.swift in Sources */,
			);
			runOnlyForDeploymentPostprocessing = 0;
		};
		712E00BF29256EAC00F6998F /* Sources */ = {
			isa = PBXSourcesBuildPhase;
			buildActionMask = 2147483647;
			files = (
				712E00C829256EAC00F6998F /* CryptoTests.swift in Sources */,
				711F9E8B292FA9C5007D2854 /* Mockable.swift in Sources */,
				711F9E89292FA862007D2854 /* CryptoServiceTests.swift in Sources */,
			);
			runOnlyForDeploymentPostprocessing = 0;
		};
		712E00C929256EAC00F6998F /* Sources */ = {
			isa = PBXSourcesBuildPhase;
			buildActionMask = 2147483647;
			files = (
				712E00D229256EAC00F6998F /* CryptoUITests.swift in Sources */,
				712E00D429256EAC00F6998F /* CryptoUITestsLaunchTests.swift in Sources */,
			);
			runOnlyForDeploymentPostprocessing = 0;
		};
/* End PBXSourcesBuildPhase section */

/* Begin PBXTargetDependency section */
		712E00C529256EAC00F6998F /* PBXTargetDependency */ = {
			isa = PBXTargetDependency;
			target = 712E00AC29256EAA00F6998F /* Crypto */;
			targetProxy = 712E00C429256EAC00F6998F /* PBXContainerItemProxy */;
		};
		712E00CF29256EAC00F6998F /* PBXTargetDependency */ = {
			isa = PBXTargetDependency;
			target = 712E00AC29256EAA00F6998F /* Crypto */;
			targetProxy = 712E00CE29256EAC00F6998F /* PBXContainerItemProxy */;
		};
/* End PBXTargetDependency section */

/* Begin PBXVariantGroup section */
		712E00BB29256EAC00F6998F /* LaunchScreen.storyboard */ = {
			isa = PBXVariantGroup;
			children = (
				712E00BC29256EAC00F6998F /* Base */,
			);
			name = LaunchScreen.storyboard;
			sourceTree = "<group>";
		};
/* End PBXVariantGroup section */

/* Begin XCBuildConfiguration section */
		712E00D529256EAC00F6998F /* Debug */ = {
			isa = XCBuildConfiguration;
			buildSettings = {
				ALWAYS_SEARCH_USER_PATHS = NO;
				CLANG_ANALYZER_NONNULL = YES;
				CLANG_ANALYZER_NUMBER_OBJECT_CONVERSION = YES_AGGRESSIVE;
				CLANG_CXX_LANGUAGE_STANDARD = "gnu++20";
				CLANG_ENABLE_MODULES = YES;
				CLANG_ENABLE_OBJC_ARC = YES;
				CLANG_ENABLE_OBJC_WEAK = YES;
				CLANG_WARN_BLOCK_CAPTURE_AUTORELEASING = YES;
				CLANG_WARN_BOOL_CONVERSION = YES;
				CLANG_WARN_COMMA = YES;
				CLANG_WARN_CONSTANT_CONVERSION = YES;
				CLANG_WARN_DEPRECATED_OBJC_IMPLEMENTATIONS = YES;
				CLANG_WARN_DIRECT_OBJC_ISA_USAGE = YES_ERROR;
				CLANG_WARN_DOCUMENTATION_COMMENTS = YES;
				CLANG_WARN_EMPTY_BODY = YES;
				CLANG_WARN_ENUM_CONVERSION = YES;
				CLANG_WARN_INFINITE_RECURSION = YES;
				CLANG_WARN_INT_CONVERSION = YES;
				CLANG_WARN_NON_LITERAL_NULL_CONVERSION = YES;
				CLANG_WARN_OBJC_IMPLICIT_RETAIN_SELF = YES;
				CLANG_WARN_OBJC_LITERAL_CONVERSION = YES;
				CLANG_WARN_OBJC_ROOT_CLASS = YES_ERROR;
				CLANG_WARN_QUOTED_INCLUDE_IN_FRAMEWORK_HEADER = YES;
				CLANG_WARN_RANGE_LOOP_ANALYSIS = YES;
				CLANG_WARN_STRICT_PROTOTYPES = YES;
				CLANG_WARN_SUSPICIOUS_MOVE = YES;
				CLANG_WARN_UNGUARDED_AVAILABILITY = YES_AGGRESSIVE;
				CLANG_WARN_UNREACHABLE_CODE = YES;
				CLANG_WARN__DUPLICATE_METHOD_MATCH = YES;
				COPY_PHASE_STRIP = NO;
				DEBUG_INFORMATION_FORMAT = dwarf;
				ENABLE_STRICT_OBJC_MSGSEND = YES;
				ENABLE_TESTABILITY = YES;
				GCC_C_LANGUAGE_STANDARD = gnu11;
				GCC_DYNAMIC_NO_PIC = NO;
				GCC_NO_COMMON_BLOCKS = YES;
				GCC_OPTIMIZATION_LEVEL = 0;
				GCC_PREPROCESSOR_DEFINITIONS = (
					"DEBUG=1",
					"$(inherited)",
				);
				GCC_WARN_64_TO_32_BIT_CONVERSION = YES;
				GCC_WARN_ABOUT_RETURN_TYPE = YES_ERROR;
				GCC_WARN_UNDECLARED_SELECTOR = YES;
				GCC_WARN_UNINITIALIZED_AUTOS = YES_AGGRESSIVE;
				GCC_WARN_UNUSED_FUNCTION = YES;
				GCC_WARN_UNUSED_VARIABLE = YES;
				IPHONEOS_DEPLOYMENT_TARGET = 15.0;
				MTL_ENABLE_DEBUG_INFO = INCLUDE_SOURCE;
				MTL_FAST_MATH = YES;
				ONLY_ACTIVE_ARCH = YES;
				SDKROOT = iphoneos;
				SWIFT_ACTIVE_COMPILATION_CONDITIONS = DEBUG;
				SWIFT_OPTIMIZATION_LEVEL = "-Onone";
			};
			name = Debug;
		};
		712E00D629256EAC00F6998F /* Release */ = {
			isa = XCBuildConfiguration;
			buildSettings = {
				ALWAYS_SEARCH_USER_PATHS = NO;
				CLANG_ANALYZER_NONNULL = YES;
				CLANG_ANALYZER_NUMBER_OBJECT_CONVERSION = YES_AGGRESSIVE;
				CLANG_CXX_LANGUAGE_STANDARD = "gnu++20";
				CLANG_ENABLE_MODULES = YES;
				CLANG_ENABLE_OBJC_ARC = YES;
				CLANG_ENABLE_OBJC_WEAK = YES;
				CLANG_WARN_BLOCK_CAPTURE_AUTORELEASING = YES;
				CLANG_WARN_BOOL_CONVERSION = YES;
				CLANG_WARN_COMMA = YES;
				CLANG_WARN_CONSTANT_CONVERSION = YES;
				CLANG_WARN_DEPRECATED_OBJC_IMPLEMENTATIONS = YES;
				CLANG_WARN_DIRECT_OBJC_ISA_USAGE = YES_ERROR;
				CLANG_WARN_DOCUMENTATION_COMMENTS = YES;
				CLANG_WARN_EMPTY_BODY = YES;
				CLANG_WARN_ENUM_CONVERSION = YES;
				CLANG_WARN_INFINITE_RECURSION = YES;
				CLANG_WARN_INT_CONVERSION = YES;
				CLANG_WARN_NON_LITERAL_NULL_CONVERSION = YES;
				CLANG_WARN_OBJC_IMPLICIT_RETAIN_SELF = YES;
				CLANG_WARN_OBJC_LITERAL_CONVERSION = YES;
				CLANG_WARN_OBJC_ROOT_CLASS = YES_ERROR;
				CLANG_WARN_QUOTED_INCLUDE_IN_FRAMEWORK_HEADER = YES;
				CLANG_WARN_RANGE_LOOP_ANALYSIS = YES;
				CLANG_WARN_STRICT_PROTOTYPES = YES;
				CLANG_WARN_SUSPICIOUS_MOVE = YES;
				CLANG_WARN_UNGUARDED_AVAILABILITY = YES_AGGRESSIVE;
				CLANG_WARN_UNREACHABLE_CODE = YES;
				CLANG_WARN__DUPLICATE_METHOD_MATCH = YES;
				COPY_PHASE_STRIP = NO;
				DEBUG_INFORMATION_FORMAT = "dwarf-with-dsym";
				ENABLE_NS_ASSERTIONS = NO;
				ENABLE_STRICT_OBJC_MSGSEND = YES;
				GCC_C_LANGUAGE_STANDARD = gnu11;
				GCC_NO_COMMON_BLOCKS = YES;
				GCC_WARN_64_TO_32_BIT_CONVERSION = YES;
				GCC_WARN_ABOUT_RETURN_TYPE = YES_ERROR;
				GCC_WARN_UNDECLARED_SELECTOR = YES;
				GCC_WARN_UNINITIALIZED_AUTOS = YES_AGGRESSIVE;
				GCC_WARN_UNUSED_FUNCTION = YES;
				GCC_WARN_UNUSED_VARIABLE = YES;
				IPHONEOS_DEPLOYMENT_TARGET = 15.0;
				MTL_ENABLE_DEBUG_INFO = NO;
				MTL_FAST_MATH = YES;
				SDKROOT = iphoneos;
				SWIFT_COMPILATION_MODE = wholemodule;
				SWIFT_OPTIMIZATION_LEVEL = "-O";
				VALIDATE_PRODUCT = YES;
			};
			name = Release;
		};
		712E00D829256EAC00F6998F /* Debug */ = {
			isa = XCBuildConfiguration;
			buildSettings = {
				ASSETCATALOG_COMPILER_APPICON_NAME = AppIcon;
				ASSETCATALOG_COMPILER_GLOBAL_ACCENT_COLOR_NAME = AccentColor;
				CODE_SIGN_STYLE = Automatic;
				CURRENT_PROJECT_VERSION = 1;
				DEVELOPMENT_TEAM = QWCMRP2WBF;
				GENERATE_INFOPLIST_FILE = YES;
				INFOPLIST_FILE = Crypto/Resources/Info.plist;
				INFOPLIST_KEY_UIApplicationSupportsIndirectInputEvents = YES;
				INFOPLIST_KEY_UILaunchStoryboardName = LaunchScreen;
				INFOPLIST_KEY_UIMainStoryboardFile = "";
				INFOPLIST_KEY_UISupportedInterfaceOrientations_iPad = "UIInterfaceOrientationPortrait UIInterfaceOrientationPortraitUpsideDown UIInterfaceOrientationLandscapeLeft UIInterfaceOrientationLandscapeRight";
				INFOPLIST_KEY_UISupportedInterfaceOrientations_iPhone = "UIInterfaceOrientationPortrait UIInterfaceOrientationLandscapeLeft UIInterfaceOrientationLandscapeRight";
				IPHONEOS_DEPLOYMENT_TARGET = 15.0;
				LD_RUNPATH_SEARCH_PATHS = (
					"$(inherited)",
					"@executable_path/Frameworks",
				);
				MARKETING_VERSION = 1.0;
				PRODUCT_BUNDLE_IDENTIFIER = test.Crypto;
				PRODUCT_NAME = "$(TARGET_NAME)";
				SUPPORTED_PLATFORMS = "iphoneos iphonesimulator";
				SUPPORTS_MACCATALYST = NO;
				SUPPORTS_MAC_DESIGNED_FOR_IPHONE_IPAD = NO;
				SWIFT_EMIT_LOC_STRINGS = YES;
				SWIFT_VERSION = 5.0;
				TARGETED_DEVICE_FAMILY = "1,2";
			};
			name = Debug;
		};
		712E00D929256EAC00F6998F /* Release */ = {
			isa = XCBuildConfiguration;
			buildSettings = {
				ASSETCATALOG_COMPILER_APPICON_NAME = AppIcon;
				ASSETCATALOG_COMPILER_GLOBAL_ACCENT_COLOR_NAME = AccentColor;
				CODE_SIGN_STYLE = Automatic;
				CURRENT_PROJECT_VERSION = 1;
				DEVELOPMENT_TEAM = QWCMRP2WBF;
				GENERATE_INFOPLIST_FILE = YES;
				INFOPLIST_FILE = Crypto/Resources/Info.plist;
				INFOPLIST_KEY_UIApplicationSupportsIndirectInputEvents = YES;
				INFOPLIST_KEY_UILaunchStoryboardName = LaunchScreen;
				INFOPLIST_KEY_UIMainStoryboardFile = "";
				INFOPLIST_KEY_UISupportedInterfaceOrientations_iPad = "UIInterfaceOrientationPortrait UIInterfaceOrientationPortraitUpsideDown UIInterfaceOrientationLandscapeLeft UIInterfaceOrientationLandscapeRight";
				INFOPLIST_KEY_UISupportedInterfaceOrientations_iPhone = "UIInterfaceOrientationPortrait UIInterfaceOrientationLandscapeLeft UIInterfaceOrientationLandscapeRight";
				IPHONEOS_DEPLOYMENT_TARGET = 15.0;
				LD_RUNPATH_SEARCH_PATHS = (
					"$(inherited)",
					"@executable_path/Frameworks",
				);
				MARKETING_VERSION = 1.0;
				PRODUCT_BUNDLE_IDENTIFIER = test.Crypto;
				PRODUCT_NAME = "$(TARGET_NAME)";
				SUPPORTED_PLATFORMS = "iphoneos iphonesimulator";
				SUPPORTS_MACCATALYST = NO;
				SUPPORTS_MAC_DESIGNED_FOR_IPHONE_IPAD = NO;
				SWIFT_EMIT_LOC_STRINGS = YES;
				SWIFT_VERSION = 5.0;
				TARGETED_DEVICE_FAMILY = "1,2";
			};
			name = Release;
		};
		712E00DB29256EAC00F6998F /* Debug */ = {
			isa = XCBuildConfiguration;
			buildSettings = {
				ALWAYS_EMBED_SWIFT_STANDARD_LIBRARIES = YES;
				BUNDLE_LOADER = "$(TEST_HOST)";
				CODE_SIGN_STYLE = Automatic;
				CURRENT_PROJECT_VERSION = 1;
				DEVELOPMENT_TEAM = QWCMRP2WBF;
				GENERATE_INFOPLIST_FILE = YES;
				IPHONEOS_DEPLOYMENT_TARGET = 16.0;
				MARKETING_VERSION = 1.0;
				PRODUCT_BUNDLE_IDENTIFIER = test.CryptoTests;
				PRODUCT_NAME = "$(TARGET_NAME)";
				SWIFT_EMIT_LOC_STRINGS = NO;
				SWIFT_VERSION = 5.0;
				TARGETED_DEVICE_FAMILY = "1,2";
				TEST_HOST = "$(BUILT_PRODUCTS_DIR)/Crypto.app/$(BUNDLE_EXECUTABLE_FOLDER_PATH)/Crypto";
			};
			name = Debug;
		};
		712E00DC29256EAC00F6998F /* Release */ = {
			isa = XCBuildConfiguration;
			buildSettings = {
				ALWAYS_EMBED_SWIFT_STANDARD_LIBRARIES = YES;
				BUNDLE_LOADER = "$(TEST_HOST)";
				CODE_SIGN_STYLE = Automatic;
				CURRENT_PROJECT_VERSION = 1;
				DEVELOPMENT_TEAM = QWCMRP2WBF;
				GENERATE_INFOPLIST_FILE = YES;
				IPHONEOS_DEPLOYMENT_TARGET = 16.0;
				MARKETING_VERSION = 1.0;
				PRODUCT_BUNDLE_IDENTIFIER = test.CryptoTests;
				PRODUCT_NAME = "$(TARGET_NAME)";
				SWIFT_EMIT_LOC_STRINGS = NO;
				SWIFT_VERSION = 5.0;
				TARGETED_DEVICE_FAMILY = "1,2";
				TEST_HOST = "$(BUILT_PRODUCTS_DIR)/Crypto.app/$(BUNDLE_EXECUTABLE_FOLDER_PATH)/Crypto";
			};
			name = Release;
		};
		712E00DE29256EAC00F6998F /* Debug */ = {
			isa = XCBuildConfiguration;
			buildSettings = {
				ALWAYS_EMBED_SWIFT_STANDARD_LIBRARIES = YES;
				CODE_SIGN_STYLE = Automatic;
				CURRENT_PROJECT_VERSION = 1;
				DEVELOPMENT_TEAM = QWCMRP2WBF;
				GENERATE_INFOPLIST_FILE = YES;
				MARKETING_VERSION = 1.0;
				PRODUCT_BUNDLE_IDENTIFIER = test.CryptoUITests;
				PRODUCT_NAME = "$(TARGET_NAME)";
				SWIFT_EMIT_LOC_STRINGS = NO;
				SWIFT_VERSION = 5.0;
				TARGETED_DEVICE_FAMILY = "1,2";
				TEST_TARGET_NAME = Crypto;
			};
			name = Debug;
		};
		712E00DF29256EAC00F6998F /* Release */ = {
			isa = XCBuildConfiguration;
			buildSettings = {
				ALWAYS_EMBED_SWIFT_STANDARD_LIBRARIES = YES;
				CODE_SIGN_STYLE = Automatic;
				CURRENT_PROJECT_VERSION = 1;
				DEVELOPMENT_TEAM = QWCMRP2WBF;
				GENERATE_INFOPLIST_FILE = YES;
				MARKETING_VERSION = 1.0;
				PRODUCT_BUNDLE_IDENTIFIER = test.CryptoUITests;
				PRODUCT_NAME = "$(TARGET_NAME)";
				SWIFT_EMIT_LOC_STRINGS = NO;
				SWIFT_VERSION = 5.0;
				TARGETED_DEVICE_FAMILY = "1,2";
				TEST_TARGET_NAME = Crypto;
			};
			name = Release;
		};
/* End XCBuildConfiguration section */

/* Begin XCConfigurationList section */
		712E00A829256EAA00F6998F /* Build configuration list for PBXProject "Crypto" */ = {
			isa = XCConfigurationList;
			buildConfigurations = (
				712E00D529256EAC00F6998F /* Debug */,
				712E00D629256EAC00F6998F /* Release */,
			);
			defaultConfigurationIsVisible = 0;
			defaultConfigurationName = Release;
		};
		712E00D729256EAC00F6998F /* Build configuration list for PBXNativeTarget "Crypto" */ = {
			isa = XCConfigurationList;
			buildConfigurations = (
				712E00D829256EAC00F6998F /* Debug */,
				712E00D929256EAC00F6998F /* Release */,
			);
			defaultConfigurationIsVisible = 0;
			defaultConfigurationName = Release;
		};
		712E00DA29256EAC00F6998F /* Build configuration list for PBXNativeTarget "CryptoTests" */ = {
			isa = XCConfigurationList;
			buildConfigurations = (
				712E00DB29256EAC00F6998F /* Debug */,
				712E00DC29256EAC00F6998F /* Release */,
			);
			defaultConfigurationIsVisible = 0;
			defaultConfigurationName = Release;
		};
		712E00DD29256EAC00F6998F /* Build configuration list for PBXNativeTarget "CryptoUITests" */ = {
			isa = XCConfigurationList;
			buildConfigurations = (
				712E00DE29256EAC00F6998F /* Debug */,
				712E00DF29256EAC00F6998F /* Release */,
			);
			defaultConfigurationIsVisible = 0;
			defaultConfigurationName = Release;
		};
/* End XCConfigurationList section */
	};
	rootObject = 712E00A529256EAA00F6998F /* Project object */;
}
